
Microsoft Visual Studio Solution File, Format Version 12.00
Project("{FAE04EC0-301F-11D3-BF4B-00C04F79EFBC}") = "DomainModel", "DomainModel\DomainModel.csproj", "{010B86B8-F8BE-4A4F-92A5-7D55F3F036F8}"
EndProject
Global
	GlobalSection(SolutionConfigurationPlatforms) = preSolution
		Debug|Any CPU = Debug|Any CPU
		Release|Any CPU = Release|Any CPU
	EndGlobalSection
	GlobalSection(ProjectConfigurationPlatforms) = postSolution
		{010B86B8-F8BE-4A4F-92A5-7D55F3F036F8}.Debug|Any CPU.ActiveCfg = Debug|Any CPU
		{010B86B8-F8BE-4A4F-92A5-7D55F3F036F8}.Debug|Any CPU.Build.0 = Debug|Any CPU
		{010B86B8-F8BE-4A4F-92A5-7D55F3F036F8}.Release|Any CPU.ActiveCfg = Release|Any CPU
		{010B86B8-F8BE-4A4F-92A5-7D55F3F036F8}.Release|Any CPU.Build.0 = Release|Any CPU
	EndGlobalSection
EndGlobal
